
Microsoft Visual Studio Solution File, Format Version 12.00
# Visual Studio Version 17
VisualStudioVersion = 17.11.35327.3
MinimumVisualStudioVersion = 10.0.40219.1
Project("{FAE04EC0-301F-11D3-BF4B-00C04F79EFBC}") = "Day4", "Day4\Day4.csproj", "{1BE76018-1FBD-4208-948B-2848A6AFAAD0}"
EndProject
Project("{FAE04EC0-301F-11D3-BF4B-00C04F79EFBC}") = "Day3", "Day3\Day3.csproj", "{A8A47F20-26E9-4F46-8F76-5C9032F200DC}"
EndProject
Project("{FAE04EC0-301F-11D3-BF4B-00C04F79EFBC}") = "Day2", "Day2\Day2.csproj", "{B23EF9F5-F477-458E-86D8-E9354620B482}"
EndProject
Project("{FAE04EC0-301F-11D3-BF4B-00C04F79EFBC}") = "Day1", "Day1\Day1.csproj", "{8F7C8BB2-ECD7-4486-9A5A-AD3CF2D88ADD}"
EndProject
Global
	GlobalSection(SolutionConfigurationPlatforms) = preSolution
		Debug|Any CPU = Debug|Any CPU
		Release|Any CPU = Release|Any CPU
	EndGlobalSection
	GlobalSection(ProjectConfigurationPlatforms) = postSolution
		{1BE76018-1FBD-4208-948B-2848A6AFAAD0}.Debug|Any CPU.ActiveCfg = Debug|Any CPU
		{1BE76018-1FBD-4208-948B-2848A6AFAAD0}.Debug|Any CPU.Build.0 = Debug|Any CPU
		{1BE76018-1FBD-4208-948B-2848A6AFAAD0}.Release|Any CPU.ActiveCfg = Release|Any CPU
		{1BE76018-1FBD-4208-948B-2848A6AFAAD0}.Release|Any CPU.Build.0 = Release|Any CPU
		{A8A47F20-26E9-4F46-8F76-5C9032F200DC}.Debug|Any CPU.ActiveCfg = Debug|Any CPU
		{A8A47F20-26E9-4F46-8F76-5C9032F200DC}.Debug|Any CPU.Build.0 = Debug|Any CPU
		{A8A47F20-26E9-4F46-8F76-5C9032F200DC}.Release|Any CPU.ActiveCfg = Release|Any CPU
		{A8A47F20-26E9-4F46-8F76-5C9032F200DC}.Release|Any CPU.Build.0 = Release|Any CPU
		{B23EF9F5-F477-458E-86D8-E9354620B482}.Debug|Any CPU.ActiveCfg = Debug|Any CPU
		{B23EF9F5-F477-458E-86D8-E9354620B482}.Debug|Any CPU.Build.0 = Debug|Any CPU
		{B23EF9F5-F477-458E-86D8-E9354620B482}.Release|Any CPU.ActiveCfg = Release|Any CPU
		{B23EF9F5-F477-458E-86D8-E9354620B482}.Release|Any CPU.Build.0 = Release|Any CPU
		{8F7C8BB2-ECD7-4486-9A5A-AD3CF2D88ADD}.Debug|Any CPU.ActiveCfg = Debug|Any CPU
		{8F7C8BB2-ECD7-4486-9A5A-AD3CF2D88ADD}.Debug|Any CPU.Build.0 = Debug|Any CPU
		{8F7C8BB2-ECD7-4486-9A5A-AD3CF2D88ADD}.Release|Any CPU.ActiveCfg = Release|Any CPU
		{8F7C8BB2-ECD7-4486-9A5A-AD3CF2D88ADD}.Release|Any CPU.Build.0 = Release|Any CPU
	EndGlobalSection
	GlobalSection(SolutionProperties) = preSolution
		HideSolutionNode = FALSE
	EndGlobalSection
	GlobalSection(ExtensibilityGlobals) = postSolution
		SolutionGuid = {96FD1F8A-8A1C-450F-93FC-B11977534546}
	EndGlobalSection
EndGlobal
